
Microsoft Visual Studio Solution File, Format Version 12.00
# Visual Studio Version 16
VisualStudioVersion = 16.0.30114.105
MinimumVisualStudioVersion = 10.0.40219.1
Project("{9A19103F-16F7-4668-BE54-9A1E7A4F7556}") = "Server Blazor Hub App", "Server Blazor Hub App\Server Blazor Hub App.csproj", "{5740F5BE-A24E-41CE-B9FF-B36E356B0787}"
EndProject
Project("{9A19103F-16F7-4668-BE54-9A1E7A4F7556}") = "BlazorDeveloperHubApi", "BlazorDeveloperHubApi\BlazorDeveloperHubApi.csproj", "{AD815492-0272-4316-BA9D-C5CCCC1B4891}"
EndProject
Project("{9A19103F-16F7-4668-BE54-9A1E7A4F7556}") = "BlazorAPIShared", "BlazorAPIShared\BlazorAPIShared.csproj", "{901CEF19-2A10-40B4-AA26-8FCBDD700FDE}"
EndProject
Global
	GlobalSection(SolutionConfigurationPlatforms) = preSolution
		Debug|Any CPU = Debug|Any CPU
		Release|Any CPU = Release|Any CPU
	EndGlobalSection
	GlobalSection(ProjectConfigurationPlatforms) = postSolution
		{5740F5BE-A24E-41CE-B9FF-B36E356B0787}.Debug|Any CPU.ActiveCfg = Debug|Any CPU
		{5740F5BE-A24E-41CE-B9FF-B36E356B0787}.Debug|Any CPU.Build.0 = Debug|Any CPU
		{5740F5BE-A24E-41CE-B9FF-B36E356B0787}.Release|Any CPU.ActiveCfg = Release|Any CPU
		{5740F5BE-A24E-41CE-B9FF-B36E356B0787}.Release|Any CPU.Build.0 = Release|Any CPU
		{AD815492-0272-4316-BA9D-C5CCCC1B4891}.Debug|Any CPU.ActiveCfg = Debug|Any CPU
		{AD815492-0272-4316-BA9D-C5CCCC1B4891}.Debug|Any CPU.Build.0 = Debug|Any CPU
		{AD815492-0272-4316-BA9D-C5CCCC1B4891}.Release|Any CPU.ActiveCfg = Release|Any CPU
		{AD815492-0272-4316-BA9D-C5CCCC1B4891}.Release|Any CPU.Build.0 = Release|Any CPU
		{901CEF19-2A10-40B4-AA26-8FCBDD700FDE}.Debug|Any CPU.ActiveCfg = Debug|Any CPU
		{901CEF19-2A10-40B4-AA26-8FCBDD700FDE}.Debug|Any CPU.Build.0 = Debug|Any CPU
		{901CEF19-2A10-40B4-AA26-8FCBDD700FDE}.Release|Any CPU.ActiveCfg = Release|Any CPU
		{901CEF19-2A10-40B4-AA26-8FCBDD700FDE}.Release|Any CPU.Build.0 = Release|Any CPU
	EndGlobalSection
	GlobalSection(SolutionProperties) = preSolution
		HideSolutionNode = FALSE
	EndGlobalSection
	GlobalSection(ExtensibilityGlobals) = postSolution
		SolutionGuid = {16DB764A-47EC-4260-8CD4-0A7FDBD25031}
	EndGlobalSection
EndGlobal
